
Microsoft Visual Studio Solution File, Format Version 12.00
# Visual Studio Version 16
VisualStudioVersion = 16.0.33529.622
MinimumVisualStudioVersion = 10.0.40219.1
Project("{FAE04EC0-301F-11D3-BF4B-00C04F79EFBC}") = "MSapp1", "MSapp1\MSapp1.csproj", "{8B7515FC-C363-46C9-B4D4-8AAEE257CBCC}"
EndProject
Global
	GlobalSection(SolutionConfigurationPlatforms) = preSolution
		Debug|Any CPU = Debug|Any CPU
		Release|Any CPU = Release|Any CPU
	EndGlobalSection
	GlobalSection(ProjectConfigurationPlatforms) = postSolution
		{8B7515FC-C363-46C9-B4D4-8AAEE257CBCC}.Debug|Any CPU.ActiveCfg = Debug|Any CPU
		{8B7515FC-C363-46C9-B4D4-8AAEE257CBCC}.Debug|Any CPU.Build.0 = Debug|Any CPU
		{8B7515FC-C363-46C9-B4D4-8AAEE257CBCC}.Release|Any CPU.ActiveCfg = Release|Any CPU
		{8B7515FC-C363-46C9-B4D4-8AAEE257CBCC}.Release|Any CPU.Build.0 = Release|Any CPU
	EndGlobalSection
	GlobalSection(SolutionProperties) = preSolution
		HideSolutionNode = FALSE
	EndGlobalSection
	GlobalSection(ExtensibilityGlobals) = postSolution
		SolutionGuid = {2830FE0A-5C1B-47DF-90F3-F2B38501F3C1}
	EndGlobalSection
EndGlobal
